<?xml version="1.0" encoding="utf-8"?>
<Project ToolsVersion="4.0" xmlns="http://schemas.microsoft.com/developer/msbuild/2003">
  <ItemGroup>
    <ClCompile Include="Main.cpp" />
    <ClCompile Include="GameLogic\GameLogic.cpp">
      <Filter>GameLogic</Filter>
    </ClCompile>
    <ClCompile Include="Physics\Physics.cpp">
      <Filter>Physics</Filter>
    </ClCompile>
    <ClCompile Include="GameLogic\GameLogicObject.cpp">
      <Filter>GameLogic</Filter>
    </ClCompile>
    <ClCompile Include="Physics\PhysicsObject.cpp">
      <Filter>Physics</Filter>
    </ClCompile>
    <ClCompile Include="GameLogic\Scenario.cpp">
      <Filter>GameLogic</Filter>
    </ClCompile>
    <ClCompile Include="Render\MenuRender.cpp">
      <Filter>Render</Filter>
    </ClCompile>
    <ClCompile Include="Render\GameplayRender.cpp">
      <Filter>Render</Filter>
    </ClCompile>
    <ClCompile Include="System\Game.cpp">
      <Filter>System</Filter>
    </ClCompile>
    <ClCompile Include="System\FileReader.cpp">
      <Filter>System</Filter>
    </ClCompile>
    <ClCompile Include="Render\LevelCompleteRender.cpp">
      <Filter>Render</Filter>
    </ClCompile>
    <ClCompile Include="Render\YouAreDeadRender.cpp">
      <Filter>Render</Filter>
    </ClCompile>
  </ItemGroup>
  <ItemGroup>
    <Filter Include="GameLogic">
      <UniqueIdentifier>{505d98d4-2de3-46dc-9b08-cc2eb6be77c9}</UniqueIdentifier>
    </Filter>
    <Filter Include="Physics">
      <UniqueIdentifier>{7c07c97b-fc6e-4027-90ab-a5ef1ea9fccf}</UniqueIdentifier>
    </Filter>
    <Filter Include="Resources">
      <UniqueIdentifier>{987a33c9-67f4-42a7-9ca4-825a01517605}</UniqueIdentifier>
    </Filter>
    <Filter Include="Render">
      <UniqueIdentifier>{ffa9c345-51d5-4837-80b3-8b2fbcfd5a3b}</UniqueIdentifier>
    </Filter>
    <Filter Include="System">
      <UniqueIdentifier>{6fcc2193-67a6-49a1-a7d6-d02deabf6c05}</UniqueIdentifier>
    </Filter>
  </ItemGroup>
  <ItemGroup>
    <ClInclude Include="GameLogic\GameLogic.hpp">
      <Filter>GameLogic</Filter>
    </ClInclude>
    <ClInclude Include="Physics\Physics.hpp">
      <Filter>Physics</Filter>
    </ClInclude>
    <ClInclude Include="GameLogic\GameLogicObject.hpp">
      <Filter>GameLogic</Filter>
    </ClInclude>
    <ClInclude Include="Physics\PhysicsObject.hpp">
      <Filter>Physics</Filter>
    </ClInclude>
    <ClInclude Include="GameLogic\Scenario.hpp">
      <Filter>GameLogic</Filter>
    </ClInclude>
    <ClInclude Include="Render\Render.hpp">
      <Filter>Render</Filter>
    </ClInclude>
    <ClInclude Include="Render\GameplayRender.hpp">
      <Filter>Render</Filter>
    </ClInclude>
    <ClInclude Include="Render\MenuRender.hpp">
      <Filter>Render</Filter>
    </ClInclude>
    <ClInclude Include="System\Game.hpp">
      <Filter>System</Filter>
    </ClInclude>
    <ClInclude Include="System\FileReader.hpp">
      <Filter>System</Filter>
    </ClInclude>
    <ClInclude Include="System\Math.hpp">
      <Filter>System</Filter>
    </ClInclude>
    <ClInclude Include="Render\LevelCompleteRender.hpp">
      <Filter>Render</Filter>
    </ClInclude>
    <ClInclude Include="Render\YouAreDeadRender.hpp">
      <Filter>Render</Filter>
    </ClInclude>
  </ItemGroup>
  <ItemGroup>
    <Font Include="resources\sansation.ttf">
      <Filter>Resources</Filter>
    </Font>
  </ItemGroup>
  <ItemGroup>
    <None Include="resources\scenarios.ini">
      <Filter>Resources</Filter>
    </None>
    <None Include="resources\game.ini">
      <Filter>Resources</Filter>
    </None>
  </ItemGroup>
</Project>